// !$*UTF8*$!
{
	archiveVersion = 1;
	classes = {
	};
	objectVersion = 48;
	objects = {

/* Begin PBXBuildFile section */
		9E7788B622477283000E5E50 /* AppDelegate.m in Sources */ = {isa = PBXBuildFile; fileRef = 9E7788B522477283000E5E50 /* AppDelegate.m */; };
		9E7788B922477283000E5E50 /* ViewController.m in Sources */ = {isa = PBXBuildFile; fileRef = 9E7788B822477283000E5E50 /* ViewController.m */; };
		9E7788BC22477283000E5E50 /* Main.storyboard in Resources */ = {isa = PBXBuildFile; fileRef = 9E7788BA22477283000E5E50 /* Main.storyboard */; };
		9E7788BF22477283000E5E50 /* TestTagListView.xcdatamodeld in Sources */ = {isa = PBXBuildFile; fileRef = 9E7788BD22477283000E5E50 /* TestTagListView.xcdatamodeld */; };
		9E7788C122477283000E5E50 /* Assets.xcassets in Resources */ = {isa = PBXBuildFile; fileRef = 9E7788C022477283000E5E50 /* Assets.xcassets */; };
		9E7788C422477283000E5E50 /* LaunchScreen.storyboard in Resources */ = {isa = PBXBuildFile; fileRef = 9E7788C222477283000E5E50 /* LaunchScreen.storyboard */; };
		9E7788C722477283000E5E50 /* main.m in Sources */ = {isa = PBXBuildFile; fileRef = 9E7788C622477283000E5E50 /* main.m */; };
		9E7788D522477D20000E5E50 /* XTableViewCell.m in Sources */ = {isa = PBXBuildFile; fileRef = 9E7788D322477D20000E5E50 /* XTableViewCell.m */; };
		9E7788D622477D20000E5E50 /* XTableViewCell.xib in Resources */ = {isa = PBXBuildFile; fileRef = 9E7788D422477D20000E5E50 /* XTableViewCell.xib */; };
		9E7788DA2247DB49000E5E50 /* ShopDetailViewController.m in Sources */ = {isa = PBXBuildFile; fileRef = 9E7788D82247DB49000E5E50 /* ShopDetailViewController.m */; };
		9E7788DB2247DB49000E5E50 /* ShopDetailViewController.xib in Resources */ = {isa = PBXBuildFile; fileRef = 9E7788D92247DB49000E5E50 /* ShopDetailViewController.xib */; };
/* End PBXBuildFile section */

/* Begin PBXFileReference section */
		9E7788B122477283000E5E50 /* TestTagListView.app */ = {isa = PBXFileReference; explicitFileType = wrapper.application; includeInIndex = 0; path = TestTagListView.app; sourceTree = BUILT_PRODUCTS_DIR; };
		9E7788B422477283000E5E50 /* AppDelegate.h */ = {isa = PBXFileReference; lastKnownFileType = sourcecode.c.h; path = AppDelegate.h; sourceTree = "<group>"; };
		9E7788B522477283000E5E50 /* AppDelegate.m */ = {isa = PBXFileReference; lastKnownFileType = sourcecode.c.objc; path = AppDelegate.m; sourceTree = "<group>"; };
		9E7788B722477283000E5E50 /* ViewController.h */ = {isa = PBXFileReference; lastKnownFileType = sourcecode.c.h; path = ViewController.h; sourceTree = "<group>"; };
		9E7788B822477283000E5E50 /* ViewController.m */ = {isa = PBXFileReference; lastKnownFileType = sourcecode.c.objc; path = ViewController.m; sourceTree = "<group>"; };
		9E7788BB22477283000E5E50 /* Base */ = {isa = PBXFileReference; lastKnownFileType = file.storyboard; name = Base; path = Base.lproj/Main.storyboard; sourceTree = "<group>"; };
		9E7788BE22477283000E5E50 /* TestTagListView.xcdatamodel */ = {isa = PBXFileReference; lastKnownFileType = wrapper.xcdatamodel; path = TestTagListView.xcdatamodel; sourceTree = "<group>"; };
		9E7788C022477283000E5E50 /* Assets.xcassets */ = {isa = PBXFileReference; lastKnownFileType = folder.assetcatalog; path = Assets.xcassets; sourceTree = "<group>"; };
		9E7788C322477283000E5E50 /* Base */ = {isa = PBXFileReference; lastKnownFileType = file.storyboard; name = Base; path = Base.lproj/LaunchScreen.storyboard; sourceTree = "<group>"; };
		9E7788C522477283000E5E50 /* Info.plist */ = {isa = PBXFileReference; lastKnownFileType = text.plist.xml; path = Info.plist; sourceTree = "<group>"; };
		9E7788C622477283000E5E50 /* main.m */ = {isa = PBXFileReference; lastKnownFileType = sourcecode.c.objc; path = main.m; sourceTree = "<group>"; };
		9E7788D222477D20000E5E50 /* XTableViewCell.h */ = {isa = PBXFileReference; lastKnownFileType = sourcecode.c.h; path = XTableViewCell.h; sourceTree = "<group>"; };
		9E7788D322477D20000E5E50 /* XTableViewCell.m */ = {isa = PBXFileReference; lastKnownFileType = sourcecode.c.objc; path = XTableViewCell.m; sourceTree = "<group>"; };
		9E7788D422477D20000E5E50 /* XTableViewCell.xib */ = {isa = PBXFileReference; lastKnownFileType = file.xib; path = XTableViewCell.xib; sourceTree = "<group>"; };
		9E7788D72247DB49000E5E50 /* ShopDetailViewController.h */ = {isa = PBXFileReference; lastKnownFileType = sourcecode.c.h; path = ShopDetailViewController.h; sourceTree = "<group>"; };
		9E7788D82247DB49000E5E50 /* ShopDetailViewController.m */ = {isa = PBXFileReference; lastKnownFileType = sourcecode.c.objc; path = ShopDetailViewController.m; sourceTree = "<group>"; };
		9E7788D92247DB49000E5E50 /* ShopDetailViewController.xib */ = {isa = PBXFileReference; lastKnownFileType = file.xib; path = ShopDetailViewController.xib; sourceTree = "<group>"; };
/* End PBXFileReference section */

/* Begin PBXFrameworksBuildPhase section */
		9E7788AE22477283000E5E50 /* Frameworks */ = {
			isa = PBXFrameworksBuildPhase;
			buildActionMask = 2147483647;
			files = (
			);
			runOnlyForDeploymentPostprocessing = 0;
		};
/* End PBXFrameworksBuildPhase section */

/* Begin PBXGroup section */
		9E7788A822477282000E5E50 = {
			isa = PBXGroup;
			children = (
				9E7788B322477283000E5E50 /* TestTagListView */,
				9E7788B222477283000E5E50 /* Products */,
			);
			sourceTree = "<group>";
		};
		9E7788B222477283000E5E50 /* Products */ = {
			isa = PBXGroup;
			children = (
				9E7788B122477283000E5E50 /* TestTagListView.app */,
			);
			name = Products;
			sourceTree = "<group>";
		};
		9E7788B322477283000E5E50 /* TestTagListView */ = {
			isa = PBXGroup;
			children = (
				9E7788B422477283000E5E50 /* AppDelegate.h */,
				9E7788B522477283000E5E50 /* AppDelegate.m */,
				9E7788B722477283000E5E50 /* ViewController.h */,
				9E7788B822477283000E5E50 /* ViewController.m */,
				9E7788BA22477283000E5E50 /* Main.storyboard */,
				9E7788C022477283000E5E50 /* Assets.xcassets */,
				9E7788C222477283000E5E50 /* LaunchScreen.storyboard */,
				9E7788C522477283000E5E50 /* Info.plist */,
				9E7788C622477283000E5E50 /* main.m */,
				9E7788BD22477283000E5E50 /* TestTagListView.xcdatamodeld */,
				9E7788D222477D20000E5E50 /* XTableViewCell.h */,
				9E7788D322477D20000E5E50 /* XTableViewCell.m */,
				9E7788D422477D20000E5E50 /* XTableViewCell.xib */,
				9E7788D72247DB49000E5E50 /* ShopDetailViewController.h */,
				9E7788D82247DB49000E5E50 /* ShopDetailViewController.m */,
				9E7788D92247DB49000E5E50 /* ShopDetailViewController.xib */,
			);
			path = TestTagListView;
			sourceTree = "<group>";
		};
/* End PBXGroup section */

/* Begin PBXNativeTarget section */
		9E7788B022477283000E5E50 /* TestTagListView */ = {
			isa = PBXNativeTarget;
			buildConfigurationList = 9E7788CA22477283000E5E50 /* Build configuration list for PBXNativeTarget "TestTagListView" */;
			buildPhases = (
				9E7788AD22477283000E5E50 /* Sources */,
				9E7788AE22477283000E5E50 /* Frameworks */,
				9E7788AF22477283000E5E50 /* Resources */,
			);
			buildRules = (
			);
			dependencies = (
			);
			name = TestTagListView;
			productName = TestTagListView;
			productReference = 9E7788B122477283000E5E50 /* TestTagListView.app */;
			productType = "com.apple.product-type.application";
		};
/* End PBXNativeTarget section */

/* Begin PBXProject section */
		9E7788A922477282000E5E50 /* Project object */ = {
			isa = PBXProject;
			attributes = {
				LastUpgradeCheck = 0920;
				ORGANIZATIONNAME = "~JunBjn~";
				TargetAttributes = {
					9E7788B022477283000E5E50 = {
						CreatedOnToolsVersion = 9.2;
						ProvisioningStyle = Automatic;
					};
				};
			};
			buildConfigurationList = 9E7788AC22477282000E5E50 /* Build configuration list for PBXProject "TestTagListView" */;
			compatibilityVersion = "Xcode 8.0";
			developmentRegion = en;
			hasScannedForEncodings = 0;
			knownRegions = (
				en,
				Base,
			);
			mainGroup = 9E7788A822477282000E5E50;
			productRefGroup = 9E7788B222477283000E5E50 /* Products */;
			projectDirPath = "";
			projectRoot = "";
			targets = (
				9E7788B022477283000E5E50 /* TestTagListView */,
			);
		};
/* End PBXProject section */

/* Begin PBXResourcesBuildPhase section */
		9E7788AF22477283000E5E50 /* Resources */ = {
			isa = PBXResourcesBuildPhase;
			buildActionMask = 2147483647;
			files = (
				9E7788C422477283000E5E50 /* LaunchScreen.storyboard in Resources */,
				9E7788C122477283000E5E50 /* Assets.xcassets in Resources */,
				9E7788D622477D20000E5E50 /* XTableViewCell.xib in Resources */,
				9E7788BC22477283000E5E50 /* Main.storyboard in Resources */,
				9E7788DB2247DB49000E5E50 /* ShopDetailViewController.xib in Resources */,
			);
			runOnlyForDeploymentPostprocessing = 0;
		};
/* End PBXResourcesBuildPhase section */

/* Begin PBXSourcesBuildPhase section */
		9E7788AD22477283000E5E50 /* Sources */ = {
			isa = PBXSourcesBuildPhase;
			buildActionMask = 2147483647;
			files = (
				9E7788D522477D20000E5E50 /* XTableViewCell.m in Sources */,
				9E7788B922477283000E5E50 /* ViewController.m in Sources */,
				9E7788B622477283000E5E50 /* AppDelegate.m in Sources */,
				9E7788C722477283000E5E50 /* main.m in Sources */,
				9E7788BF22477283000E5E50 /* TestTagListView.xcdatamodeld in Sources */,
				9E7788DA2247DB49000E5E50 /* ShopDetailViewController.m in Sources */,
			);
			runOnlyForDeploymentPostprocessing = 0;
		};
/* End PBXSourcesBuildPhase section */

/* Begin PBXVariantGroup section */
		9E7788BA22477283000E5E50 /* Main.storyboard */ = {
			isa = PBXVariantGroup;
			children = (
				9E7788BB22477283000E5E50 /* Base */,
			);
			name = Main.storyboard;
			sourceTree = "<group>";
		};
		9E7788C222477283000E5E50 /* LaunchScreen.storyboard */ = {
			isa = PBXVariantGroup;
			children = (
				9E7788C322477283000E5E50 /* Base */,
			);
			name = LaunchScreen.storyboard;
			sourceTree = "<group>";
		};
/* End PBXVariantGroup section */

/* Begin XCBuildConfiguration section */
		9E7788C822477283000E5E50 /* Debug */ = {
			isa = XCBuildConfiguration;
			buildSettings = {
				ALWAYS_SEARCH_USER_PATHS = NO;
				CLANG_ANALYZER_NONNULL = YES;
				CLANG_ANALYZER_NUMBER_OBJECT_CONVERSION = YES_AGGRESSIVE;
				CLANG_CXX_LANGUAGE_STANDARD = "gnu++14";
				CLANG_CXX_LIBRARY = "libc++";
				CLANG_ENABLE_MODULES = YES;
				CLANG_ENABLE_OBJC_ARC = YES;
				CLANG_WARN_BLOCK_CAPTURE_AUTORELEASING = YES;
				CLANG_WARN_BOOL_CONVERSION = YES;
				CLANG_WARN_COMMA = YES;
				CLANG_WARN_CONSTANT_CONVERSION = YES;
				CLANG_WARN_DIRECT_OBJC_ISA_USAGE = YES_ERROR;
				CLANG_WARN_DOCUMENTATION_COMMENTS = YES;
				CLANG_WARN_EMPTY_BODY = YES;
				CLANG_WARN_ENUM_CONVERSION = YES;
				CLANG_WARN_INFINITE_RECURSION = YES;
				CLANG_WARN_INT_CONVERSION = YES;
				CLANG_WARN_NON_LITERAL_NULL_CONVERSION = YES;
				CLANG_WARN_OBJC_LITERAL_CONVERSION = YES;
				CLANG_WARN_OBJC_ROOT_CLASS = YES_ERROR;
				CLANG_WARN_RANGE_LOOP_ANALYSIS = YES;
				CLANG_WARN_STRICT_PROTOTYPES = YES;
				CLANG_WARN_SUSPICIOUS_MOVE = YES;
				CLANG_WARN_UNGUARDED_AVAILABILITY = YES_AGGRESSIVE;
				CLANG_WARN_UNREACHABLE_CODE = YES;
				CLANG_WARN__DUPLICATE_METHOD_MATCH = YES;
				CODE_SIGN_IDENTITY = "iPhone Developer";
				COPY_PHASE_STRIP = NO;
				DEBUG_INFORMATION_FORMAT = dwarf;
				ENABLE_STRICT_OBJC_MSGSEND = YES;
				ENABLE_TESTABILITY = YES;
				GCC_C_LANGUAGE_STANDARD = gnu11;
				GCC_DYNAMIC_NO_PIC = NO;
				GCC_NO_COMMON_BLOCKS = YES;
				GCC_OPTIMIZATION_LEVEL = 0;
				GCC_PREPROCESSOR_DEFINITIONS = (
					"DEBUG=1",
					"$(inherited)",
				);
				GCC_WARN_64_TO_32_BIT_CONVERSION = YES;
				GCC_WARN_ABOUT_RETURN_TYPE = YES_ERROR;
				GCC_WARN_UNDECLARED_SELECTOR = YES;
				GCC_WARN_UNINITIALIZED_AUTOS = YES_AGGRESSIVE;
				GCC_WARN_UNUSED_FUNCTION = YES;
				GCC_WARN_UNUSED_VARIABLE = YES;
				IPHONEOS_DEPLOYMENT_TARGET = 11.2;
				MTL_ENABLE_DEBUG_INFO = YES;
				ONLY_ACTIVE_ARCH = YES;
				SDKROOT = iphoneos;
			};
			name = Debug;
		};
		9E7788C922477283000E5E50 /* Release */ = {
			isa = XCBuildConfiguration;
			buildSettings = {
				ALWAYS_SEARCH_USER_PATHS = NO;
				CLANG_ANALYZER_NONNULL = YES;
				CLANG_ANALYZER_NUMBER_OBJECT_CONVERSION = YES_AGGRESSIVE;
				CLANG_CXX_LANGUAGE_STANDARD = "gnu++14";
				CLANG_CXX_LIBRARY = "libc++";
				CLANG_ENABLE_MODULES = YES;
				CLANG_ENABLE_OBJC_ARC = YES;
				CLANG_WARN_BLOCK_CAPTURE_AUTORELEASING = YES;
				CLANG_WARN_BOOL_CONVERSION = YES;
				CLANG_WARN_COMMA = YES;
				CLANG_WARN_CONSTANT_CONVERSION = YES;
				CLANG_WARN_DIRECT_OBJC_ISA_USAGE = YES_ERROR;
				CLANG_WARN_DOCUMENTATION_COMMENTS = YES;
				CLANG_WARN_EMPTY_BODY = YES;
				CLANG_WARN_ENUM_CONVERSION = YES;
				CLANG_WARN_INFINITE_RECURSION = YES;
				CLANG_WARN_INT_CONVERSION = YES;
				CLANG_WARN_NON_LITERAL_NULL_CONVERSION = YES;
				CLANG_WARN_OBJC_LITERAL_CONVERSION = YES;
				CLANG_WARN_OBJC_ROOT_CLASS = YES_ERROR;
				CLANG_WARN_RANGE_LOOP_ANALYSIS = YES;
				CLANG_WARN_STRICT_PROTOTYPES = YES;
				CLANG_WARN_SUSPICIOUS_MOVE = YES;
				CLANG_WARN_UNGUARDED_AVAILABILITY = YES_AGGRESSIVE;
				CLANG_WARN_UNREACHABLE_CODE = YES;
				CLANG_WARN__DUPLICATE_METHOD_MATCH = YES;
				CODE_SIGN_IDENTITY = "iPhone Developer";
				COPY_PHASE_STRIP = NO;
				DEBUG_INFORMATION_FORMAT = "dwarf-with-dsym";
				ENABLE_NS_ASSERTIONS = NO;
				ENABLE_STRICT_OBJC_MSGSEND = YES;
				GCC_C_LANGUAGE_STANDARD = gnu11;
				GCC_NO_COMMON_BLOCKS = YES;
				GCC_WARN_64_TO_32_BIT_CONVERSION = YES;
				GCC_WARN_ABOUT_RETURN_TYPE = YES_ERROR;
				GCC_WARN_UNDECLARED_SELECTOR = YES;
				GCC_WARN_UNINITIALIZED_AUTOS = YES_AGGRESSIVE;
				GCC_WARN_UNUSED_FUNCTION = YES;
				GCC_WARN_UNUSED_VARIABLE = YES;
				IPHONEOS_DEPLOYMENT_TARGET = 11.2;
				MTL_ENABLE_DEBUG_INFO = NO;
				SDKROOT = iphoneos;
				VALIDATE_PRODUCT = YES;
			};
			name = Release;
		};
		9E7788CB22477283000E5E50 /* Debug */ = {
			isa = XCBuildConfiguration;
			buildSettings = {
				ASSETCATALOG_COMPILER_APPICON_NAME = AppIcon;
				CODE_SIGN_STYLE = Automatic;
				INFOPLIST_FILE = TestTagListView/Info.plist;
				LD_RUNPATH_SEARCH_PATHS = "$(inherited) @executable_path/Frameworks";
				PRODUCT_BUNDLE_IDENTIFIER = Zexy.TestTagListView;
				PRODUCT_NAME = "$(TARGET_NAME)";
				TARGETED_DEVICE_FAMILY = "1,2";
			};
			name = Debug;
		};
		9E7788CC22477283000E5E50 /* Release */ = {
			isa = XCBuildConfiguration;
			buildSettings = {
				ASSETCATALOG_COMPILER_APPICON_NAME = AppIcon;
				CODE_SIGN_STYLE = Automatic;
				INFOPLIST_FILE = TestTagListView/Info.plist;
				LD_RUNPATH_SEARCH_PATHS = "$(inherited) @executable_path/Frameworks";
				PRODUCT_BUNDLE_IDENTIFIER = Zexy.TestTagListView;
				PRODUCT_NAME = "$(TARGET_NAME)";
				TARGETED_DEVICE_FAMILY = "1,2";
			};
			name = Release;
		};
/* End XCBuildConfiguration section */

/* Begin XCConfigurationList section */
		9E7788AC22477282000E5E50 /* Build configuration list for PBXProject "TestTagListView" */ = {
			isa = XCConfigurationList;
			buildConfigurations = (
				9E7788C822477283000E5E50 /* Debug */,
				9E7788C922477283000E5E50 /* Release */,
			);
			defaultConfigurationIsVisible = 0;
			defaultConfigurationName = Release;
		};
		9E7788CA22477283000E5E50 /* Build configuration list for PBXNativeTarget "TestTagListView" */ = {
			isa = XCConfigurationList;
			buildConfigurations = (
				9E7788CB22477283000E5E50 /* Debug */,
				9E7788CC22477283000E5E50 /* Release */,
			);
			defaultConfigurationIsVisible = 0;
			defaultConfigurationName = Release;
		};
/* End XCConfigurationList section */

/* Begin XCVersionGroup section */
		9E7788BD22477283000E5E50 /* TestTagListView.xcdatamodeld */ = {
			isa = XCVersionGroup;
			children = (
				9E7788BE22477283000E5E50 /* TestTagListView.xcdatamodel */,
			);
			currentVersion = 9E7788BE22477283000E5E50 /* TestTagListView.xcdatamodel */;
			path = TestTagListView.xcdatamodeld;
			sourceTree = "<group>";
			versionGroupType = wrapper.xcdatamodel;
		};
/* End XCVersionGroup section */
	};
	rootObject = 9E7788A922477282000E5E50 /* Project object */;
}
