// !$*UTF8*$!
{
	archiveVersion = 1;
	classes = {
	};
	objectVersion = 46;
	objects = {

/* Begin PBXBuildFile section */
		E35F053D1A660023001AE6C8 /* main.m in Sources */ = {isa = PBXBuildFile; fileRef = E35F053C1A660023001AE6C8 /* main.m */; };
		E35F05401A660023001AE6C8 /* AppDelegate.m in Sources */ = {isa = PBXBuildFile; fileRef = E35F053F1A660023001AE6C8 /* AppDelegate.m */; };
		E35F05431A660023001AE6C8 /* MyStore.xcdatamodeld in Sources */ = {isa = PBXBuildFile; fileRef = E35F05411A660023001AE6C8 /* MyStore.xcdatamodeld */; };
		E35F05461A660023001AE6C8 /* ViewController.m in Sources */ = {isa = PBXBuildFile; fileRef = E35F05451A660023001AE6C8 /* ViewController.m */; };
		E35F05491A660023001AE6C8 /* Main.storyboard in Resources */ = {isa = PBXBuildFile; fileRef = E35F05471A660023001AE6C8 /* Main.storyboard */; };
		E35F054B1A660023001AE6C8 /* Images.xcassets in Resources */ = {isa = PBXBuildFile; fileRef = E35F054A1A660023001AE6C8 /* Images.xcassets */; };
		E35F054E1A660023001AE6C8 /* LaunchScreen.xib in Resources */ = {isa = PBXBuildFile; fileRef = E35F054C1A660023001AE6C8 /* LaunchScreen.xib */; };
		E35F055A1A660023001AE6C8 /* MyStoreTests.m in Sources */ = {isa = PBXBuildFile; fileRef = E35F05591A660023001AE6C8 /* MyStoreTests.m */; };
		E35F056B1A660CCF001AE6C8 /* DetailDeviceVC.m in Sources */ = {isa = PBXBuildFile; fileRef = E35F056A1A660CCF001AE6C8 /* DetailDeviceVC.m */; };
		E35F056D1A661144001AE6C8 /* CoreData.framework in Frameworks */ = {isa = PBXBuildFile; fileRef = E35F056C1A661144001AE6C8 /* CoreData.framework */; };
		E35F05701A6611A0001AE6C8 /* Foundation.framework in Frameworks */ = {isa = PBXBuildFile; fileRef = E35F056F1A6611A0001AE6C8 /* Foundation.framework */; };
		E35F05721A6611B1001AE6C8 /* UIKit.framework in Frameworks */ = {isa = PBXBuildFile; fileRef = E35F05711A6611B1001AE6C8 /* UIKit.framework */; };
		E35F05741A66120F001AE6C8 /* CoreGraphics.framework in Frameworks */ = {isa = PBXBuildFile; fileRef = E35F05731A66120F001AE6C8 /* CoreGraphics.framework */; };
/* End PBXBuildFile section */

/* Begin PBXContainerItemProxy section */
		E35F05541A660023001AE6C8 /* PBXContainerItemProxy */ = {
			isa = PBXContainerItemProxy;
			containerPortal = E35F052F1A660023001AE6C8 /* Project object */;
			proxyType = 1;
			remoteGlobalIDString = E35F05361A660023001AE6C8;
			remoteInfo = MyStore;
		};
/* End PBXContainerItemProxy section */

/* Begin PBXFileReference section */
		E35F05371A660023001AE6C8 /* TamPN_CoreData.app */ = {isa = PBXFileReference; explicitFileType = wrapper.application; includeInIndex = 0; path = TamPN_CoreData.app; sourceTree = BUILT_PRODUCTS_DIR; };
		E35F053B1A660023001AE6C8 /* Info.plist */ = {isa = PBXFileReference; lastKnownFileType = text.plist.xml; path = Info.plist; sourceTree = "<group>"; };
		E35F053C1A660023001AE6C8 /* main.m */ = {isa = PBXFileReference; lastKnownFileType = sourcecode.c.objc; path = main.m; sourceTree = "<group>"; };
		E35F053E1A660023001AE6C8 /* AppDelegate.h */ = {isa = PBXFileReference; lastKnownFileType = sourcecode.c.h; path = AppDelegate.h; sourceTree = "<group>"; };
		E35F053F1A660023001AE6C8 /* AppDelegate.m */ = {isa = PBXFileReference; lastKnownFileType = sourcecode.c.objc; path = AppDelegate.m; sourceTree = "<group>"; };
		E35F05421A660023001AE6C8 /* MyStore.xcdatamodel */ = {isa = PBXFileReference; lastKnownFileType = wrapper.xcdatamodel; path = MyStore.xcdatamodel; sourceTree = "<group>"; };
		E35F05441A660023001AE6C8 /* ViewController.h */ = {isa = PBXFileReference; lastKnownFileType = sourcecode.c.h; path = ViewController.h; sourceTree = "<group>"; };
		E35F05451A660023001AE6C8 /* ViewController.m */ = {isa = PBXFileReference; lastKnownFileType = sourcecode.c.objc; path = ViewController.m; sourceTree = "<group>"; };
		E35F05481A660023001AE6C8 /* Base */ = {isa = PBXFileReference; lastKnownFileType = file.storyboard; name = Base; path = Base.lproj/Main.storyboard; sourceTree = "<group>"; };
		E35F054A1A660023001AE6C8 /* Images.xcassets */ = {isa = PBXFileReference; lastKnownFileType = folder.assetcatalog; path = Images.xcassets; sourceTree = "<group>"; };
		E35F054D1A660023001AE6C8 /* Base */ = {isa = PBXFileReference; lastKnownFileType = file.xib; name = Base; path = Base.lproj/LaunchScreen.xib; sourceTree = "<group>"; };
		E35F05531A660023001AE6C8 /* TamPN_CoreDataTests.xctest */ = {isa = PBXFileReference; explicitFileType = wrapper.cfbundle; includeInIndex = 0; path = TamPN_CoreDataTests.xctest; sourceTree = BUILT_PRODUCTS_DIR; };
		E35F05581A660023001AE6C8 /* Info.plist */ = {isa = PBXFileReference; lastKnownFileType = text.plist.xml; path = Info.plist; sourceTree = "<group>"; };
		E35F05591A660023001AE6C8 /* MyStoreTests.m */ = {isa = PBXFileReference; lastKnownFileType = sourcecode.c.objc; path = MyStoreTests.m; sourceTree = "<group>"; };
		E35F05691A660CCF001AE6C8 /* DetailDeviceVC.h */ = {isa = PBXFileReference; fileEncoding = 4; lastKnownFileType = sourcecode.c.h; path = DetailDeviceVC.h; sourceTree = "<group>"; };
		E35F056A1A660CCF001AE6C8 /* DetailDeviceVC.m */ = {isa = PBXFileReference; fileEncoding = 4; lastKnownFileType = sourcecode.c.objc; path = DetailDeviceVC.m; sourceTree = "<group>"; };
		E35F056C1A661144001AE6C8 /* CoreData.framework */ = {isa = PBXFileReference; lastKnownFileType = wrapper.framework; name = CoreData.framework; path = System/Library/Frameworks/CoreData.framework; sourceTree = SDKROOT; };
		E35F056F1A6611A0001AE6C8 /* Foundation.framework */ = {isa = PBXFileReference; lastKnownFileType = wrapper.framework; name = Foundation.framework; path = System/Library/Frameworks/Foundation.framework; sourceTree = SDKROOT; };
		E35F05711A6611B1001AE6C8 /* UIKit.framework */ = {isa = PBXFileReference; lastKnownFileType = wrapper.framework; name = UIKit.framework; path = System/Library/Frameworks/UIKit.framework; sourceTree = SDKROOT; };
		E35F05731A66120F001AE6C8 /* CoreGraphics.framework */ = {isa = PBXFileReference; lastKnownFileType = wrapper.framework; name = CoreGraphics.framework; path = System/Library/Frameworks/CoreGraphics.framework; sourceTree = SDKROOT; };
/* End PBXFileReference section */

/* Begin PBXFrameworksBuildPhase section */
		E35F05341A660023001AE6C8 /* Frameworks */ = {
			isa = PBXFrameworksBuildPhase;
			buildActionMask = 2147483647;
			files = (
				E35F05741A66120F001AE6C8 /* CoreGraphics.framework in Frameworks */,
				E35F05721A6611B1001AE6C8 /* UIKit.framework in Frameworks */,
				E35F05701A6611A0001AE6C8 /* Foundation.framework in Frameworks */,
				E35F056D1A661144001AE6C8 /* CoreData.framework in Frameworks */,
			);
			runOnlyForDeploymentPostprocessing = 0;
		};
		E35F05501A660023001AE6C8 /* Frameworks */ = {
			isa = PBXFrameworksBuildPhase;
			buildActionMask = 2147483647;
			files = (
			);
			runOnlyForDeploymentPostprocessing = 0;
		};
/* End PBXFrameworksBuildPhase section */

/* Begin PBXGroup section */
		E35F052E1A660023001AE6C8 = {
			isa = PBXGroup;
			children = (
				E35F05391A660023001AE6C8 /* MyStore */,
				E35F05561A660023001AE6C8 /* MyStoreTests */,
				E35F056E1A661185001AE6C8 /* Framework */,
				E35F05381A660023001AE6C8 /* Products */,
			);
			sourceTree = "<group>";
		};
		E35F05381A660023001AE6C8 /* Products */ = {
			isa = PBXGroup;
			children = (
				E35F05371A660023001AE6C8 /* TamPN_CoreData.app */,
				E35F05531A660023001AE6C8 /* TamPN_CoreDataTests.xctest */,
			);
			name = Products;
			sourceTree = "<group>";
		};
		E35F05391A660023001AE6C8 /* MyStore */ = {
			isa = PBXGroup;
			children = (
				E35F053E1A660023001AE6C8 /* AppDelegate.h */,
				E35F053F1A660023001AE6C8 /* AppDelegate.m */,
				E35F05441A660023001AE6C8 /* ViewController.h */,
				E35F05451A660023001AE6C8 /* ViewController.m */,
				E35F05471A660023001AE6C8 /* Main.storyboard */,
				E35F05691A660CCF001AE6C8 /* DetailDeviceVC.h */,
				E35F056A1A660CCF001AE6C8 /* DetailDeviceVC.m */,
				E35F054A1A660023001AE6C8 /* Images.xcassets */,
				E35F054C1A660023001AE6C8 /* LaunchScreen.xib */,
				E35F05411A660023001AE6C8 /* MyStore.xcdatamodeld */,
				E35F053A1A660023001AE6C8 /* Supporting Files */,
			);
			path = MyStore;
			sourceTree = "<group>";
		};
		E35F053A1A660023001AE6C8 /* Supporting Files */ = {
			isa = PBXGroup;
			children = (
				E35F053B1A660023001AE6C8 /* Info.plist */,
				E35F053C1A660023001AE6C8 /* main.m */,
			);
			name = "Supporting Files";
			sourceTree = "<group>";
		};
		E35F05561A660023001AE6C8 /* MyStoreTests */ = {
			isa = PBXGroup;
			children = (
				E35F05591A660023001AE6C8 /* MyStoreTests.m */,
				E35F05571A660023001AE6C8 /* Supporting Files */,
			);
			path = MyStoreTests;
			sourceTree = "<group>";
		};
		E35F05571A660023001AE6C8 /* Supporting Files */ = {
			isa = PBXGroup;
			children = (
				E35F05581A660023001AE6C8 /* Info.plist */,
			);
			name = "Supporting Files";
			sourceTree = "<group>";
		};
		E35F056E1A661185001AE6C8 /* Framework */ = {
			isa = PBXGroup;
			children = (
				E35F05731A66120F001AE6C8 /* CoreGraphics.framework */,
				E35F05711A6611B1001AE6C8 /* UIKit.framework */,
				E35F056F1A6611A0001AE6C8 /* Foundation.framework */,
				E35F056C1A661144001AE6C8 /* CoreData.framework */,
			);
			name = Framework;
			sourceTree = "<group>";
		};
/* End PBXGroup section */

/* Begin PBXNativeTarget section */
		E35F05361A660023001AE6C8 /* TamPN_CoreData */ = {
			isa = PBXNativeTarget;
			buildConfigurationList = E35F055D1A660023001AE6C8 /* Build configuration list for PBXNativeTarget "TamPN_CoreData" */;
			buildPhases = (
				E35F05331A660023001AE6C8 /* Sources */,
				E35F05341A660023001AE6C8 /* Frameworks */,
				E35F05351A660023001AE6C8 /* Resources */,
			);
			buildRules = (
			);
			dependencies = (
			);
			name = TamPN_CoreData;
			productName = MyStore;
			productReference = E35F05371A660023001AE6C8 /* TamPN_CoreData.app */;
			productType = "com.apple.product-type.application";
		};
		E35F05521A660023001AE6C8 /* TamPN_CoreDataTests */ = {
			isa = PBXNativeTarget;
			buildConfigurationList = E35F05601A660023001AE6C8 /* Build configuration list for PBXNativeTarget "TamPN_CoreDataTests" */;
			buildPhases = (
				E35F054F1A660023001AE6C8 /* Sources */,
				E35F05501A660023001AE6C8 /* Frameworks */,
				E35F05511A660023001AE6C8 /* Resources */,
			);
			buildRules = (
			);
			dependencies = (
				E35F05551A660023001AE6C8 /* PBXTargetDependency */,
			);
			name = TamPN_CoreDataTests;
			productName = MyStoreTests;
			productReference = E35F05531A660023001AE6C8 /* TamPN_CoreDataTests.xctest */;
			productType = "com.apple.product-type.bundle.unit-test";
		};
/* End PBXNativeTarget section */

/* Begin PBXProject section */
		E35F052F1A660023001AE6C8 /* Project object */ = {
			isa = PBXProject;
			attributes = {
				LastUpgradeCheck = 0610;
				ORGANIZATIONNAME = CodeF;
				TargetAttributes = {
					E35F05361A660023001AE6C8 = {
						CreatedOnToolsVersion = 6.1.1;
					};
					E35F05521A660023001AE6C8 = {
						CreatedOnToolsVersion = 6.1.1;
						TestTargetID = E35F05361A660023001AE6C8;
					};
				};
			};
			buildConfigurationList = E35F05321A660023001AE6C8 /* Build configuration list for PBXProject "TamPN_CoreData" */;
			compatibilityVersion = "Xcode 3.2";
			developmentRegion = English;
			hasScannedForEncodings = 0;
			knownRegions = (
				en,
				Base,
			);
			mainGroup = E35F052E1A660023001AE6C8;
			productRefGroup = E35F05381A660023001AE6C8 /* Products */;
			projectDirPath = "";
			projectRoot = "";
			targets = (
				E35F05361A660023001AE6C8 /* TamPN_CoreData */,
				E35F05521A660023001AE6C8 /* TamPN_CoreDataTests */,
			);
		};
/* End PBXProject section */

/* Begin PBXResourcesBuildPhase section */
		E35F05351A660023001AE6C8 /* Resources */ = {
			isa = PBXResourcesBuildPhase;
			buildActionMask = 2147483647;
			files = (
				E35F05491A660023001AE6C8 /* Main.storyboard in Resources */,
				E35F054E1A660023001AE6C8 /* LaunchScreen.xib in Resources */,
				E35F054B1A660023001AE6C8 /* Images.xcassets in Resources */,
			);
			runOnlyForDeploymentPostprocessing = 0;
		};
		E35F05511A660023001AE6C8 /* Resources */ = {
			isa = PBXResourcesBuildPhase;
			buildActionMask = 2147483647;
			files = (
			);
			runOnlyForDeploymentPostprocessing = 0;
		};
/* End PBXResourcesBuildPhase section */

/* Begin PBXSourcesBuildPhase section */
		E35F05331A660023001AE6C8 /* Sources */ = {
			isa = PBXSourcesBuildPhase;
			buildActionMask = 2147483647;
			files = (
				E35F05401A660023001AE6C8 /* AppDelegate.m in Sources */,
				E35F05431A660023001AE6C8 /* MyStore.xcdatamodeld in Sources */,
				E35F05461A660023001AE6C8 /* ViewController.m in Sources */,
				E35F056B1A660CCF001AE6C8 /* DetailDeviceVC.m in Sources */,
				E35F053D1A660023001AE6C8 /* main.m in Sources */,
			);
			runOnlyForDeploymentPostprocessing = 0;
		};
		E35F054F1A660023001AE6C8 /* Sources */ = {
			isa = PBXSourcesBuildPhase;
			buildActionMask = 2147483647;
			files = (
				E35F055A1A660023001AE6C8 /* MyStoreTests.m in Sources */,
			);
			runOnlyForDeploymentPostprocessing = 0;
		};
/* End PBXSourcesBuildPhase section */

/* Begin PBXTargetDependency section */
		E35F05551A660023001AE6C8 /* PBXTargetDependency */ = {
			isa = PBXTargetDependency;
			target = E35F05361A660023001AE6C8 /* TamPN_CoreData */;
			targetProxy = E35F05541A660023001AE6C8 /* PBXContainerItemProxy */;
		};
/* End PBXTargetDependency section */

/* Begin PBXVariantGroup section */
		E35F05471A660023001AE6C8 /* Main.storyboard */ = {
			isa = PBXVariantGroup;
			children = (
				E35F05481A660023001AE6C8 /* Base */,
			);
			name = Main.storyboard;
			sourceTree = "<group>";
		};
		E35F054C1A660023001AE6C8 /* LaunchScreen.xib */ = {
			isa = PBXVariantGroup;
			children = (
				E35F054D1A660023001AE6C8 /* Base */,
			);
			name = LaunchScreen.xib;
			sourceTree = "<group>";
		};
/* End PBXVariantGroup section */

/* Begin XCBuildConfiguration section */
		E35F055B1A660023001AE6C8 /* Debug */ = {
			isa = XCBuildConfiguration;
			buildSettings = {
				ALWAYS_SEARCH_USER_PATHS = NO;
				CLANG_CXX_LANGUAGE_STANDARD = "gnu++0x";
				CLANG_CXX_LIBRARY = "libc++";
				CLANG_ENABLE_MODULES = YES;
				CLANG_ENABLE_OBJC_ARC = YES;
				CLANG_WARN_BOOL_CONVERSION = YES;
				CLANG_WARN_CONSTANT_CONVERSION = YES;
				CLANG_WARN_DIRECT_OBJC_ISA_USAGE = YES_ERROR;
				CLANG_WARN_EMPTY_BODY = YES;
				CLANG_WARN_ENUM_CONVERSION = YES;
				CLANG_WARN_INT_CONVERSION = YES;
				CLANG_WARN_OBJC_ROOT_CLASS = YES_ERROR;
				CLANG_WARN_UNREACHABLE_CODE = YES;
				CLANG_WARN__DUPLICATE_METHOD_MATCH = YES;
				"CODE_SIGN_IDENTITY[sdk=iphoneos*]" = "iPhone Developer";
				COPY_PHASE_STRIP = NO;
				ENABLE_STRICT_OBJC_MSGSEND = YES;
				GCC_C_LANGUAGE_STANDARD = gnu99;
				GCC_DYNAMIC_NO_PIC = NO;
				GCC_OPTIMIZATION_LEVEL = 0;
				GCC_PREPROCESSOR_DEFINITIONS = (
					"DEBUG=1",
					"$(inherited)",
				);
				GCC_SYMBOLS_PRIVATE_EXTERN = NO;
				GCC_WARN_64_TO_32_BIT_CONVERSION = YES;
				GCC_WARN_ABOUT_RETURN_TYPE = YES_ERROR;
				GCC_WARN_UNDECLARED_SELECTOR = YES;
				GCC_WARN_UNINITIALIZED_AUTOS = YES_AGGRESSIVE;
				GCC_WARN_UNUSED_FUNCTION = YES;
				GCC_WARN_UNUSED_VARIABLE = YES;
				IPHONEOS_DEPLOYMENT_TARGET = 8.1;
				MTL_ENABLE_DEBUG_INFO = YES;
				ONLY_ACTIVE_ARCH = YES;
				SDKROOT = iphoneos;
			};
			name = Debug;
		};
		E35F055C1A660023001AE6C8 /* Release */ = {
			isa = XCBuildConfiguration;
			buildSettings = {
				ALWAYS_SEARCH_USER_PATHS = NO;
				CLANG_CXX_LANGUAGE_STANDARD = "gnu++0x";
				CLANG_CXX_LIBRARY = "libc++";
				CLANG_ENABLE_MODULES = YES;
				CLANG_ENABLE_OBJC_ARC = YES;
				CLANG_WARN_BOOL_CONVERSION = YES;
				CLANG_WARN_CONSTANT_CONVERSION = YES;
				CLANG_WARN_DIRECT_OBJC_ISA_USAGE = YES_ERROR;
				CLANG_WARN_EMPTY_BODY = YES;
				CLANG_WARN_ENUM_CONVERSION = YES;
				CLANG_WARN_INT_CONVERSION = YES;
				CLANG_WARN_OBJC_ROOT_CLASS = YES_ERROR;
				CLANG_WARN_UNREACHABLE_CODE = YES;
				CLANG_WARN__DUPLICATE_METHOD_MATCH = YES;
				"CODE_SIGN_IDENTITY[sdk=iphoneos*]" = "iPhone Developer";
				COPY_PHASE_STRIP = YES;
				ENABLE_NS_ASSERTIONS = NO;
				ENABLE_STRICT_OBJC_MSGSEND = YES;
				GCC_C_LANGUAGE_STANDARD = gnu99;
				GCC_WARN_64_TO_32_BIT_CONVERSION = YES;
				GCC_WARN_ABOUT_RETURN_TYPE = YES_ERROR;
				GCC_WARN_UNDECLARED_SELECTOR = YES;
				GCC_WARN_UNINITIALIZED_AUTOS = YES_AGGRESSIVE;
				GCC_WARN_UNUSED_FUNCTION = YES;
				GCC_WARN_UNUSED_VARIABLE = YES;
				IPHONEOS_DEPLOYMENT_TARGET = 8.1;
				MTL_ENABLE_DEBUG_INFO = NO;
				SDKROOT = iphoneos;
				VALIDATE_PRODUCT = YES;
			};
			name = Release;
		};
		E35F055E1A660023001AE6C8 /* Debug */ = {
			isa = XCBuildConfiguration;
			buildSettings = {
				ASSETCATALOG_COMPILER_APPICON_NAME = AppIcon;
				INFOPLIST_FILE = MyStore/Info.plist;
				LD_RUNPATH_SEARCH_PATHS = "$(inherited) @executable_path/Frameworks";
				PRODUCT_NAME = TamPN_CoreData;
			};
			name = Debug;
		};
		E35F055F1A660023001AE6C8 /* Release */ = {
			isa = XCBuildConfiguration;
			buildSettings = {
				ASSETCATALOG_COMPILER_APPICON_NAME = AppIcon;
				INFOPLIST_FILE = MyStore/Info.plist;
				LD_RUNPATH_SEARCH_PATHS = "$(inherited) @executable_path/Frameworks";
				PRODUCT_NAME = TamPN_CoreData;
			};
			name = Release;
		};
		E35F05611A660023001AE6C8 /* Debug */ = {
			isa = XCBuildConfiguration;
			buildSettings = {
				BUNDLE_LOADER = "$(TEST_HOST)";
				FRAMEWORK_SEARCH_PATHS = (
					"$(SDKROOT)/Developer/Library/Frameworks",
					"$(inherited)",
				);
				GCC_PREPROCESSOR_DEFINITIONS = (
					"DEBUG=1",
					"$(inherited)",
				);
				INFOPLIST_FILE = MyStoreTests/Info.plist;
				LD_RUNPATH_SEARCH_PATHS = "$(inherited) @executable_path/Frameworks @loader_path/Frameworks";
				PRODUCT_NAME = TamPN_CoreDataTests;
				TEST_HOST = "$(BUILT_PRODUCTS_DIR)/MyStore.app/MyStore";
			};
			name = Debug;
		};
		E35F05621A660023001AE6C8 /* Release */ = {
			isa = XCBuildConfiguration;
			buildSettings = {
				BUNDLE_LOADER = "$(TEST_HOST)";
				FRAMEWORK_SEARCH_PATHS = (
					"$(SDKROOT)/Developer/Library/Frameworks",
					"$(inherited)",
				);
				INFOPLIST_FILE = MyStoreTests/Info.plist;
				LD_RUNPATH_SEARCH_PATHS = "$(inherited) @executable_path/Frameworks @loader_path/Frameworks";
				PRODUCT_NAME = TamPN_CoreDataTests;
				TEST_HOST = "$(BUILT_PRODUCTS_DIR)/MyStore.app/MyStore";
			};
			name = Release;
		};
/* End XCBuildConfiguration section */

/* Begin XCConfigurationList section */
		E35F05321A660023001AE6C8 /* Build configuration list for PBXProject "TamPN_CoreData" */ = {
			isa = XCConfigurationList;
			buildConfigurations = (
				E35F055B1A660023001AE6C8 /* Debug */,
				E35F055C1A660023001AE6C8 /* Release */,
			);
			defaultConfigurationIsVisible = 0;
			defaultConfigurationName = Release;
		};
		E35F055D1A660023001AE6C8 /* Build configuration list for PBXNativeTarget "TamPN_CoreData" */ = {
			isa = XCConfigurationList;
			buildConfigurations = (
				E35F055E1A660023001AE6C8 /* Debug */,
				E35F055F1A660023001AE6C8 /* Release */,
			);
			defaultConfigurationIsVisible = 0;
			defaultConfigurationName = Release;
		};
		E35F05601A660023001AE6C8 /* Build configuration list for PBXNativeTarget "TamPN_CoreDataTests" */ = {
			isa = XCConfigurationList;
			buildConfigurations = (
				E35F05611A660023001AE6C8 /* Debug */,
				E35F05621A660023001AE6C8 /* Release */,
			);
			defaultConfigurationIsVisible = 0;
			defaultConfigurationName = Release;
		};
/* End XCConfigurationList section */

/* Begin XCVersionGroup section */
		E35F05411A660023001AE6C8 /* MyStore.xcdatamodeld */ = {
			isa = XCVersionGroup;
			children = (
				E35F05421A660023001AE6C8 /* MyStore.xcdatamodel */,
			);
			currentVersion = E35F05421A660023001AE6C8 /* MyStore.xcdatamodel */;
			path = MyStore.xcdatamodeld;
			sourceTree = "<group>";
			versionGroupType = wrapper.xcdatamodel;
		};
/* End XCVersionGroup section */
	};
	rootObject = E35F052F1A660023001AE6C8 /* Project object */;
}
